
Microsoft Visual Studio Solution File, Format Version 12.00
# Visual Studio 15
VisualStudioVersion = 15.0.27004.2006
MinimumVisualStudioVersion = 10.0.40219.1
Project("{FAE04EC0-301F-11D3-BF4B-00C04F79EFBC}") = "UbplCommon", "UbplCommon\UbplCommon.csproj", "{6B4837F8-17F4-4980-A277-3AF65B3D45ED}"
EndProject
Project("{FAE04EC0-301F-11D3-BF4B-00C04F79EFBC}") = "Ubpl", "Ubpl\Ubpl.csproj", "{F5A844F4-E585-4CBA-B8E3-1C5C2BC52604}"
EndProject
Project("{FAE04EC0-301F-11D3-BF4B-00C04F79EFBC}") = "Ubplla", "Ubplla\Ubplla.csproj", "{30CAD368-B737-49A2-BE51-3CCF96434C25}"
EndProject
Global
	GlobalSection(SolutionConfigurationPlatforms) = preSolution
		Debug|Any CPU = Debug|Any CPU
		Release|Any CPU = Release|Any CPU
	EndGlobalSection
	GlobalSection(ProjectConfigurationPlatforms) = postSolution
		{6B4837F8-17F4-4980-A277-3AF65B3D45ED}.Debug|Any CPU.ActiveCfg = Debug|Any CPU
		{6B4837F8-17F4-4980-A277-3AF65B3D45ED}.Debug|Any CPU.Build.0 = Debug|Any CPU
		{6B4837F8-17F4-4980-A277-3AF65B3D45ED}.Release|Any CPU.ActiveCfg = Release|Any CPU
		{6B4837F8-17F4-4980-A277-3AF65B3D45ED}.Release|Any CPU.Build.0 = Release|Any CPU
		{F5A844F4-E585-4CBA-B8E3-1C5C2BC52604}.Debug|Any CPU.ActiveCfg = Debug|Any CPU
		{F5A844F4-E585-4CBA-B8E3-1C5C2BC52604}.Debug|Any CPU.Build.0 = Debug|Any CPU
		{F5A844F4-E585-4CBA-B8E3-1C5C2BC52604}.Release|Any CPU.ActiveCfg = Release|Any CPU
		{F5A844F4-E585-4CBA-B8E3-1C5C2BC52604}.Release|Any CPU.Build.0 = Release|Any CPU
		{30CAD368-B737-49A2-BE51-3CCF96434C25}.Debug|Any CPU.ActiveCfg = Debug|Any CPU
		{30CAD368-B737-49A2-BE51-3CCF96434C25}.Debug|Any CPU.Build.0 = Debug|Any CPU
		{30CAD368-B737-49A2-BE51-3CCF96434C25}.Release|Any CPU.ActiveCfg = Release|Any CPU
		{30CAD368-B737-49A2-BE51-3CCF96434C25}.Release|Any CPU.Build.0 = Release|Any CPU
	EndGlobalSection
	GlobalSection(SolutionProperties) = preSolution
		HideSolutionNode = FALSE
	EndGlobalSection
	GlobalSection(ExtensibilityGlobals) = postSolution
		SolutionGuid = {6E45C6E6-BFEF-41C0-9122-C04544481C33}
	EndGlobalSection
EndGlobal
