
Microsoft Visual Studio Solution File, Format Version 12.00
# Visual Studio Version 16
VisualStudioVersion = 16.0.29609.76
MinimumVisualStudioVersion = 10.0.40219.1
Project("{9A19103F-16F7-4668-BE54-9A1E7A4F7556}") = "Ubpl", "Ubpl\Ubpl.csproj", "{171759E5-60BD-4600-9D82-305AFB140ADB}"
EndProject
Project("{9A19103F-16F7-4668-BE54-9A1E7A4F7556}") = "UbplCommon", "UbplCommon\UbplCommon.csproj", "{778963BE-0AED-415F-81DF-2D3758C69564}"
EndProject
Project("{9A19103F-16F7-4668-BE54-9A1E7A4F7556}") = "Ubpldir", "Ubpldir\Ubpldir.csproj", "{7EEDA10D-8D1E-442D-B519-C02AFB7EBEC9}"
EndProject
Project("{9A19103F-16F7-4668-BE54-9A1E7A4F7556}") = "Ubpllk", "Ubpllk\Ubpllk.csproj", "{09D806DD-389D-4145-98A4-43B1C8574B8D}"
EndProject
Project("{FAE04EC0-301F-11D3-BF4B-00C04F79EFBC}") = "Ubpl2003lk", "Ubpl2003lk\Ubpl2003lk.csproj", "{091A9AB4-BA3B-461B-8A41-E0314E94035D}"
EndProject
Global
	GlobalSection(SolutionConfigurationPlatforms) = preSolution
		Debug|Any CPU = Debug|Any CPU
		Release|Any CPU = Release|Any CPU
	EndGlobalSection
	GlobalSection(ProjectConfigurationPlatforms) = postSolution
		{171759E5-60BD-4600-9D82-305AFB140ADB}.Debug|Any CPU.ActiveCfg = Debug|Any CPU
		{171759E5-60BD-4600-9D82-305AFB140ADB}.Debug|Any CPU.Build.0 = Debug|Any CPU
		{171759E5-60BD-4600-9D82-305AFB140ADB}.Release|Any CPU.ActiveCfg = Release|Any CPU
		{171759E5-60BD-4600-9D82-305AFB140ADB}.Release|Any CPU.Build.0 = Release|Any CPU
		{778963BE-0AED-415F-81DF-2D3758C69564}.Debug|Any CPU.ActiveCfg = Debug|Any CPU
		{778963BE-0AED-415F-81DF-2D3758C69564}.Debug|Any CPU.Build.0 = Debug|Any CPU
		{778963BE-0AED-415F-81DF-2D3758C69564}.Release|Any CPU.ActiveCfg = Release|Any CPU
		{778963BE-0AED-415F-81DF-2D3758C69564}.Release|Any CPU.Build.0 = Release|Any CPU
		{7EEDA10D-8D1E-442D-B519-C02AFB7EBEC9}.Debug|Any CPU.ActiveCfg = Debug|Any CPU
		{7EEDA10D-8D1E-442D-B519-C02AFB7EBEC9}.Debug|Any CPU.Build.0 = Debug|Any CPU
		{7EEDA10D-8D1E-442D-B519-C02AFB7EBEC9}.Release|Any CPU.ActiveCfg = Release|Any CPU
		{7EEDA10D-8D1E-442D-B519-C02AFB7EBEC9}.Release|Any CPU.Build.0 = Release|Any CPU
		{09D806DD-389D-4145-98A4-43B1C8574B8D}.Debug|Any CPU.ActiveCfg = Debug|Any CPU
		{09D806DD-389D-4145-98A4-43B1C8574B8D}.Debug|Any CPU.Build.0 = Debug|Any CPU
		{09D806DD-389D-4145-98A4-43B1C8574B8D}.Release|Any CPU.ActiveCfg = Release|Any CPU
		{09D806DD-389D-4145-98A4-43B1C8574B8D}.Release|Any CPU.Build.0 = Release|Any CPU
		{091A9AB4-BA3B-461B-8A41-E0314E94035D}.Debug|Any CPU.ActiveCfg = Debug|Any CPU
		{091A9AB4-BA3B-461B-8A41-E0314E94035D}.Debug|Any CPU.Build.0 = Debug|Any CPU
		{091A9AB4-BA3B-461B-8A41-E0314E94035D}.Release|Any CPU.ActiveCfg = Release|Any CPU
		{091A9AB4-BA3B-461B-8A41-E0314E94035D}.Release|Any CPU.Build.0 = Release|Any CPU
	EndGlobalSection
	GlobalSection(SolutionProperties) = preSolution
		HideSolutionNode = FALSE
	EndGlobalSection
	GlobalSection(ExtensibilityGlobals) = postSolution
		SolutionGuid = {F601AE72-A815-46A0-831E-D287BEBAAF84}
	EndGlobalSection
EndGlobal
